
Microsoft Visual Studio Solution File, Format Version 12.00
# Visual Studio Version 16
VisualStudioVersion = 16.0.31129.286
MinimumVisualStudioVersion = 10.0.40219.1
Project("{FAE04EC0-301F-11D3-BF4B-00C04F79EFBC}") = "MongoSharp", "MongoSharp.csproj", "{DCF1F3F7-CCD9-42BD-AF46-3A987E25CE94}"
EndProject
Global
	GlobalSection(SolutionConfigurationPlatforms) = preSolution
		Debug|Any CPU = Debug|Any CPU
		Release|Any CPU = Release|Any CPU
	EndGlobalSection
	GlobalSection(ProjectConfigurationPlatforms) = postSolution
		{DCF1F3F7-CCD9-42BD-AF46-3A987E25CE94}.Debug|Any CPU.ActiveCfg = Debug|Any CPU
		{DCF1F3F7-CCD9-42BD-AF46-3A987E25CE94}.Debug|Any CPU.Build.0 = Debug|Any CPU
		{DCF1F3F7-CCD9-42BD-AF46-3A987E25CE94}.Release|Any CPU.ActiveCfg = Release|Any CPU
		{DCF1F3F7-CCD9-42BD-AF46-3A987E25CE94}.Release|Any CPU.Build.0 = Release|Any CPU
	EndGlobalSection
	GlobalSection(SolutionProperties) = preSolution
		HideSolutionNode = FALSE
	EndGlobalSection
	GlobalSection(ExtensibilityGlobals) = postSolution
		SolutionGuid = {AA2E52AD-D0AC-44E0-AEDC-83FBFADB252D}
	EndGlobalSection
EndGlobal
